{
  "name": "vercel-esm-logs",
  "version": "1.0.0",
  "lockfileVersion": 3,
  "requires": true,
  "packages": {
    "": {
      "name": "vercel-esm-logs",
      "version": "1.0.0",
      "license": "ISC",
      "dependencies": {
        "hono": "^4.4.7"
      }
    },
    "node_modules/hono": {
      "version": "4.4.7",
      "resolved": "https://registry.npmjs.org/hono/-/hono-4.4.7.tgz",
      "integrity": "sha512-WoQWFQyVFEVRtIzP5sHPv7nvIw+RYL/HRnvnOCDxj6A+BtrwuC9S0vryZbV4IyFcNgOJ87r/phDiC1x2eEo4Gg==",
      "engines": {
        "node": ">=16.0.0"
      }
    }
  }
}
